// !$*UTF8*$!
{
	archiveVersion = 1;
	classes = {
	};
	objectVersion = 46;
	objects = {

/* Begin PBXBuildFile section */
		090359F41BD1773100DFC582 /* SpiroModalPages.storyboard in Resources */ = {isa = PBXBuildFile; fileRef = 090359F31BD1773100DFC582 /* SpiroModalPages.storyboard */; };
		091D178D1BFB9C510044D830 /* BufferedOverlapQueue.m in Sources */ = {isa = PBXBuildFile; fileRef = 091D17821BFB9C510044D830 /* BufferedOverlapQueue.m */; };
		091D178E1BFB9C510044D830 /* CubicSpline.m in Sources */ = {isa = PBXBuildFile; fileRef = 091D17841BFB9C510044D830 /* CubicSpline.m */; };
		091D178F1BFB9C510044D830 /* DataBufferBlock.m in Sources */ = {isa = PBXBuildFile; fileRef = 091D17861BFB9C510044D830 /* DataBufferBlock.m */; };
		091D17901BFB9C510044D830 /* FFTHelper.m in Sources */ = {isa = PBXBuildFile; fileRef = 091D17881BFB9C510044D830 /* FFTHelper.m */; };
		091D17911BFB9C510044D830 /* Novocaine.m in Sources */ = {isa = PBXBuildFile; fileRef = 091D178A1BFB9C510044D830 /* Novocaine.m */; };
		091D17921BFB9C510044D830 /* PeakFinder.m in Sources */ = {isa = PBXBuildFile; fileRef = 091D178C1BFB9C510044D830 /* PeakFinder.m */; };
		091D17A81BFBA1090044D830 /* FlowVolumeDataAnalyzer.m in Sources */ = {isa = PBXBuildFile; fileRef = 091D17A21BFBA1090044D830 /* FlowVolumeDataAnalyzer.m */; };
		091D17A91BFBA1090044D830 /* SpirometerEffortAnalyzer.m in Sources */ = {isa = PBXBuildFile; fileRef = 091D17A51BFBA1090044D830 /* SpirometerEffortAnalyzer.m */; };
		091D17AA1BFBA1090044D830 /* SpirometryWhistle.m in Sources */ = {isa = PBXBuildFile; fileRef = 091D17A71BFBA1090044D830 /* SpirometryWhistle.m */; };
		091E85BA1C0E80E300F0B1AF /* ModalTimerViewController.m in Sources */ = {isa = PBXBuildFile; fileRef = 091E85B91C0E80E300F0B1AF /* ModalTimerViewController.m */; };
		091E85C01C0E85FE00F0B1AF /* SpiroNavigationViewController.m in Sources */ = {isa = PBXBuildFile; fileRef = 091E85BF1C0E85FE00F0B1AF /* SpiroNavigationViewController.m */; };
		09227E291BE81C8900FCE6AD /* VortexWhistleStudyViewController.m in Sources */ = {isa = PBXBuildFile; fileRef = 09227E281BE81C8900FCE6AD /* VortexWhistleStudyViewController.m */; };
		09786C881BB8810F006F4315 /* SpiroCoreViewController.m in Sources */ = {isa = PBXBuildFile; fileRef = 09786C871BB8810F006F4315 /* SpiroCoreViewController.m */; };
		09786C8B1BB8D363006F4315 /* SpiroGameViewController.m in Sources */ = {isa = PBXBuildFile; fileRef = 09786C8A1BB8D363006F4315 /* SpiroGameViewController.m */; };
		09A6BAA71BAB56B20024360F /* SpiroModalViewController.m in Sources */ = {isa = PBXBuildFile; fileRef = 09A6BAA61BAB56B20024360F /* SpiroModalViewController.m */; };
		09BD47B21BE8AB63000CF238 /* ModalUserDataViewController.m in Sources */ = {isa = PBXBuildFile; fileRef = 09BD47B11BE8AB63000CF238 /* ModalUserDataViewController.m */; };
		09E819621C6E50AE0048B165 /* ExperimenterViewController.m in Sources */ = {isa = PBXBuildFile; fileRef = 09E819611C6E50AE0048B165 /* ExperimenterViewController.m */; };
		09E819651C6E91B30048B165 /* OptionsTableViewController.m in Sources */ = {isa = PBXBuildFile; fileRef = 09E819641C6E91B20048B165 /* OptionsTableViewController.m */; };
		09F6BA521BD54CD100668F27 /* ModalAddNotesViewController.m in Sources */ = {isa = PBXBuildFile; fileRef = 09F6BA511BD54CD100668F27 /* ModalAddNotesViewController.m */; };
		09F933EA1BA752B80041FFB2 /* SpirometerTestAnalyzer.m in Sources */ = {isa = PBXBuildFile; fileRef = 09F933E91BA752B80041FFB2 /* SpirometerTestAnalyzer.m */; };
		09FB9E081BD428F4005C8507 /* ModalActionPageViewController.m in Sources */ = {isa = PBXBuildFile; fileRef = 09FB9E071BD428F4005C8507 /* ModalActionPageViewController.m */; };
		B63612221B1CC38500289665 /* main.m in Sources */ = {isa = PBXBuildFile; fileRef = B63612211B1CC38500289665 /* main.m */; };
		B63612251B1CC38500289665 /* AppDelegate.m in Sources */ = {isa = PBXBuildFile; fileRef = B63612241B1CC38500289665 /* AppDelegate.m */; };
		B636122B1B1CC38500289665 /* Main.storyboard in Resources */ = {isa = PBXBuildFile; fileRef = B63612291B1CC38500289665 /* Main.storyboard */; };
		B636122D1B1CC38500289665 /* Images.xcassets in Resources */ = {isa = PBXBuildFile; fileRef = B636122C1B1CC38500289665 /* Images.xcassets */; };
		B63612301B1CC38500289665 /* LaunchScreen.xib in Resources */ = {isa = PBXBuildFile; fileRef = B636122E1B1CC38500289665 /* LaunchScreen.xib */; };
		B636123C1B1CC38500289665 /* OpenSpirometryTests.m in Sources */ = {isa = PBXBuildFile; fileRef = B636123B1B1CC38500289665 /* OpenSpirometryTests.m */; };
		B644C62A1B619C29002D3484 /* VortexWhistleRed.m4a in Resources */ = {isa = PBXBuildFile; fileRef = B644C6291B619C29002D3484 /* VortexWhistleRed.m4a */; };
/* End PBXBuildFile section */

/* Begin PBXContainerItemProxy section */
		B63612361B1CC38500289665 /* PBXContainerItemProxy */ = {
			isa = PBXContainerItemProxy;
			containerPortal = B63612141B1CC38500289665 /* Project object */;
			proxyType = 1;
			remoteGlobalIDString = B636121B1B1CC38500289665;
			remoteInfo = OpenSpirometry;
		};
/* End PBXContainerItemProxy section */

/* Begin PBXFileReference section */
		090359F31BD1773100DFC582 /* SpiroModalPages.storyboard */ = {isa = PBXFileReference; fileEncoding = 4; lastKnownFileType = file.storyboard; path = SpiroModalPages.storyboard; sourceTree = "<group>"; };
		091D17811BFB9C510044D830 /* BufferedOverlapQueue.h */ = {isa = PBXFileReference; fileEncoding = 4; lastKnownFileType = sourcecode.c.h; name = BufferedOverlapQueue.h; path = AudioDSPUtils/BufferedOverlapQueue.h; sourceTree = "<group>"; };
		091D17821BFB9C510044D830 /* BufferedOverlapQueue.m */ = {isa = PBXFileReference; fileEncoding = 4; lastKnownFileType = sourcecode.c.objc; name = BufferedOverlapQueue.m; path = AudioDSPUtils/BufferedOverlapQueue.m; sourceTree = "<group>"; };
		091D17831BFB9C510044D830 /* CubicSpline.h */ = {isa = PBXFileReference; fileEncoding = 4; lastKnownFileType = sourcecode.c.h; name = CubicSpline.h; path = AudioDSPUtils/CubicSpline.h; sourceTree = "<group>"; };
		091D17841BFB9C510044D830 /* CubicSpline.m */ = {isa = PBXFileReference; fileEncoding = 4; lastKnownFileType = sourcecode.c.objc; name = CubicSpline.m; path = AudioDSPUtils/CubicSpline.m; sourceTree = "<group>"; };
		091D17851BFB9C510044D830 /* DataBufferBlock.h */ = {isa = PBXFileReference; fileEncoding = 4; lastKnownFileType = sourcecode.c.h; name = DataBufferBlock.h; path = AudioDSPUtils/DataBufferBlock.h; sourceTree = "<group>"; };
		091D17861BFB9C510044D830 /* DataBufferBlock.m */ = {isa = PBXFileReference; fileEncoding = 4; lastKnownFileType = sourcecode.c.objc; name = DataBufferBlock.m; path = AudioDSPUtils/DataBufferBlock.m; sourceTree = "<group>"; };
		091D17871BFB9C510044D830 /* FFTHelper.h */ = {isa = PBXFileReference; fileEncoding = 4; lastKnownFileType = sourcecode.c.h; name = FFTHelper.h; path = AudioDSPUtils/FFTHelper.h; sourceTree = "<group>"; };
		091D17881BFB9C510044D830 /* FFTHelper.m */ = {isa = PBXFileReference; fileEncoding = 4; lastKnownFileType = sourcecode.c.objc; name = FFTHelper.m; path = AudioDSPUtils/FFTHelper.m; sourceTree = "<group>"; };
		091D17891BFB9C510044D830 /* Novocaine.h */ = {isa = PBXFileReference; fileEncoding = 4; lastKnownFileType = sourcecode.c.h; name = Novocaine.h; path = AudioDSPUtils/Novocaine.h; sourceTree = "<group>"; };
		091D178A1BFB9C510044D830 /* Novocaine.m */ = {isa = PBXFileReference; fileEncoding = 4; lastKnownFileType = sourcecode.c.objc; name = Novocaine.m; path = AudioDSPUtils/Novocaine.m; sourceTree = "<group>"; };
		091D178B1BFB9C510044D830 /* PeakFinder.h */ = {isa = PBXFileReference; fileEncoding = 4; lastKnownFileType = sourcecode.c.h; name = PeakFinder.h; path = AudioDSPUtils/PeakFinder.h; sourceTree = "<group>"; };
		091D178C1BFB9C510044D830 /* PeakFinder.m */ = {isa = PBXFileReference; fileEncoding = 4; lastKnownFileType = sourcecode.c.objc; name = PeakFinder.m; path = AudioDSPUtils/PeakFinder.m; sourceTree = "<group>"; };
		091D17A11BFBA1090044D830 /* FlowVolumeDataAnalyzer.h */ = {isa = PBXFileReference; fileEncoding = 4; lastKnownFileType = sourcecode.c.h; name = FlowVolumeDataAnalyzer.h; path = OpenSpirometryCore/FlowVolumeDataAnalyzer.h; sourceTree = "<group>"; };
		091D17A21BFBA1090044D830 /* FlowVolumeDataAnalyzer.m */ = {isa = PBXFileReference; fileEncoding = 4; lastKnownFileType = sourcecode.c.objc; name = FlowVolumeDataAnalyzer.m; path = OpenSpirometryCore/FlowVolumeDataAnalyzer.m; sourceTree = "<group>"; };
		091D17A31BFBA1090044D830 /* SpirometerConstants.h */ = {isa = PBXFileReference; fileEncoding = 4; lastKnownFileType = sourcecode.c.h; name = SpirometerConstants.h; path = OpenSpirometryCore/SpirometerConstants.h; sourceTree = "<group>"; };
		091D17A41BFBA1090044D830 /* SpirometerEffortAnalyzer.h */ = {isa = PBXFileReference; fileEncoding = 4; lastKnownFileType = sourcecode.c.h; name = SpirometerEffortAnalyzer.h; path = OpenSpirometryCore/SpirometerEffortAnalyzer.h; sourceTree = "<group>"; };
		091D17A51BFBA1090044D830 /* SpirometerEffortAnalyzer.m */ = {isa = PBXFileReference; fileEncoding = 4; lastKnownFileType = sourcecode.c.objc; name = SpirometerEffortAnalyzer.m; path = OpenSpirometryCore/SpirometerEffortAnalyzer.m; sourceTree = "<group>"; };
		091D17A61BFBA1090044D830 /* SpirometryWhistle.h */ = {isa = PBXFileReference; fileEncoding = 4; lastKnownFileType = sourcecode.c.h; name = SpirometryWhistle.h; path = OpenSpirometryCore/SpirometryWhistle.h; sourceTree = "<group>"; };
		091D17A71BFBA1090044D830 /* SpirometryWhistle.m */ = {isa = PBXFileReference; fileEncoding = 4; lastKnownFileType = sourcecode.c.objc; name = SpirometryWhistle.m; path = OpenSpirometryCore/SpirometryWhistle.m; sourceTree = "<group>"; };
		091E85B81C0E80E300F0B1AF /* ModalTimerViewController.h */ = {isa = PBXFileReference; fileEncoding = 4; lastKnownFileType = sourcecode.c.h; path = ModalTimerViewController.h; sourceTree = "<group>"; };
		091E85B91C0E80E300F0B1AF /* ModalTimerViewController.m */ = {isa = PBXFileReference; fileEncoding = 4; lastKnownFileType = sourcecode.c.objc; path = ModalTimerViewController.m; sourceTree = "<group>"; };
		091E85BE1C0E85FE00F0B1AF /* SpiroNavigationViewController.h */ = {isa = PBXFileReference; fileEncoding = 4; lastKnownFileType = sourcecode.c.h; path = SpiroNavigationViewController.h; sourceTree = "<group>"; };
		091E85BF1C0E85FE00F0B1AF /* SpiroNavigationViewController.m */ = {isa = PBXFileReference; fileEncoding = 4; lastKnownFileType = sourcecode.c.objc; path = SpiroNavigationViewController.m; sourceTree = "<group>"; };
		09227E271BE81C8900FCE6AD /* VortexWhistleStudyViewController.h */ = {isa = PBXFileReference; fileEncoding = 4; lastKnownFileType = sourcecode.c.h; path = VortexWhistleStudyViewController.h; sourceTree = "<group>"; };
		09227E281BE81C8900FCE6AD /* VortexWhistleStudyViewController.m */ = {isa = PBXFileReference; fileEncoding = 4; lastKnownFileType = sourcecode.c.objc; path = VortexWhistleStudyViewController.m; sourceTree = "<group>"; };
		09786C861BB8810F006F4315 /* SpiroCoreViewController.h */ = {isa = PBXFileReference; fileEncoding = 4; lastKnownFileType = sourcecode.c.h; path = SpiroCoreViewController.h; sourceTree = "<group>"; };
		09786C871BB8810F006F4315 /* SpiroCoreViewController.m */ = {isa = PBXFileReference; fileEncoding = 4; lastKnownFileType = sourcecode.c.objc; path = SpiroCoreViewController.m; sourceTree = "<group>"; };
		09786C891BB8D363006F4315 /* SpiroGameViewController.h */ = {isa = PBXFileReference; fileEncoding = 4; lastKnownFileType = sourcecode.c.h; path = SpiroGameViewController.h; sourceTree = "<group>"; };
		09786C8A1BB8D363006F4315 /* SpiroGameViewController.m */ = {isa = PBXFileReference; fileEncoding = 4; lastKnownFileType = sourcecode.c.objc; path = SpiroGameViewController.m; sourceTree = "<group>"; };
		09A6BAA51BAB56B20024360F /* SpiroModalViewController.h */ = {isa = PBXFileReference; fileEncoding = 4; lastKnownFileType = sourcecode.c.h; path = SpiroModalViewController.h; sourceTree = "<group>"; };
		09A6BAA61BAB56B20024360F /* SpiroModalViewController.m */ = {isa = PBXFileReference; fileEncoding = 4; lastKnownFileType = sourcecode.c.objc; path = SpiroModalViewController.m; sourceTree = "<group>"; };
		09BD47B01BE8AB63000CF238 /* ModalUserDataViewController.h */ = {isa = PBXFileReference; fileEncoding = 4; lastKnownFileType = sourcecode.c.h; path = ModalUserDataViewController.h; sourceTree = "<group>"; };
		09BD47B11BE8AB63000CF238 /* ModalUserDataViewController.m */ = {isa = PBXFileReference; fileEncoding = 4; lastKnownFileType = sourcecode.c.objc; path = ModalUserDataViewController.m; sourceTree = "<group>"; };
		09E819601C6E50AE0048B165 /* ExperimenterViewController.h */ = {isa = PBXFileReference; fileEncoding = 4; lastKnownFileType = sourcecode.c.h; path = ExperimenterViewController.h; sourceTree = "<group>"; };
		09E819611C6E50AE0048B165 /* ExperimenterViewController.m */ = {isa = PBXFileReference; fileEncoding = 4; lastKnownFileType = sourcecode.c.objc; path = ExperimenterViewController.m; sourceTree = "<group>"; };
		09E819631C6E91B20048B165 /* OptionsTableViewController.h */ = {isa = PBXFileReference; fileEncoding = 4; lastKnownFileType = sourcecode.c.h; path = OptionsTableViewController.h; sourceTree = "<group>"; };
		09E819641C6E91B20048B165 /* OptionsTableViewController.m */ = {isa = PBXFileReference; fileEncoding = 4; lastKnownFileType = sourcecode.c.objc; path = OptionsTableViewController.m; sourceTree = "<group>"; };
		09F6BA501BD54CD100668F27 /* ModalAddNotesViewController.h */ = {isa = PBXFileReference; fileEncoding = 4; lastKnownFileType = sourcecode.c.h; path = ModalAddNotesViewController.h; sourceTree = "<group>"; };
		09F6BA511BD54CD100668F27 /* ModalAddNotesViewController.m */ = {isa = PBXFileReference; fileEncoding = 4; lastKnownFileType = sourcecode.c.objc; path = ModalAddNotesViewController.m; sourceTree = "<group>"; };
		09F933E81BA7529B0041FFB2 /* SpirometerTestAnalyzer.h */ = {isa = PBXFileReference; lastKnownFileType = sourcecode.c.h; path = SpirometerTestAnalyzer.h; sourceTree = "<group>"; };
		09F933E91BA752B80041FFB2 /* SpirometerTestAnalyzer.m */ = {isa = PBXFileReference; fileEncoding = 4; lastKnownFileType = sourcecode.c.objc; path = SpirometerTestAnalyzer.m; sourceTree = "<group>"; };
		09FB9E061BD428F4005C8507 /* ModalActionPageViewController.h */ = {isa = PBXFileReference; fileEncoding = 4; lastKnownFileType = sourcecode.c.h; path = ModalActionPageViewController.h; sourceTree = "<group>"; };
		09FB9E071BD428F4005C8507 /* ModalActionPageViewController.m */ = {isa = PBXFileReference; fileEncoding = 4; lastKnownFileType = sourcecode.c.objc; path = ModalActionPageViewController.m; sourceTree = "<group>"; };
		B636121C1B1CC38500289665 /* OpenSpirometry.app */ = {isa = PBXFileReference; explicitFileType = wrapper.application; includeInIndex = 0; path = OpenSpirometry.app; sourceTree = BUILT_PRODUCTS_DIR; };
		B63612201B1CC38500289665 /* Info.plist */ = {isa = PBXFileReference; lastKnownFileType = text.plist.xml; path = Info.plist; sourceTree = "<group>"; };
		B63612211B1CC38500289665 /* main.m */ = {isa = PBXFileReference; lastKnownFileType = sourcecode.c.objc; path = main.m; sourceTree = "<group>"; };
		B63612231B1CC38500289665 /* AppDelegate.h */ = {isa = PBXFileReference; lastKnownFileType = sourcecode.c.h; path = AppDelegate.h; sourceTree = "<group>"; };
		B63612241B1CC38500289665 /* AppDelegate.m */ = {isa = PBXFileReference; lastKnownFileType = sourcecode.c.objc; path = AppDelegate.m; sourceTree = "<group>"; };
		B636122A1B1CC38500289665 /* Base */ = {isa = PBXFileReference; lastKnownFileType = file.storyboard; name = Base; path = Base.lproj/Main.storyboard; sourceTree = "<group>"; };
		B636122C1B1CC38500289665 /* Images.xcassets */ = {isa = PBXFileReference; lastKnownFileType = folder.assetcatalog; path = Images.xcassets; sourceTree = "<group>"; };
		B636122F1B1CC38500289665 /* Base */ = {isa = PBXFileReference; lastKnownFileType = file.xib; name = Base; path = Base.lproj/LaunchScreen.xib; sourceTree = "<group>"; };
		B63612351B1CC38500289665 /* OpenSpirometryTests.xctest */ = {isa = PBXFileReference; explicitFileType = wrapper.cfbundle; includeInIndex = 0; path = OpenSpirometryTests.xctest; sourceTree = BUILT_PRODUCTS_DIR; };
		B636123A1B1CC38500289665 /* Info.plist */ = {isa = PBXFileReference; lastKnownFileType = text.plist.xml; path = Info.plist; sourceTree = "<group>"; };
		B636123B1B1CC38500289665 /* OpenSpirometryTests.m */ = {isa = PBXFileReference; lastKnownFileType = sourcecode.c.objc; path = OpenSpirometryTests.m; sourceTree = "<group>"; };
		B644C6291B619C29002D3484 /* VortexWhistleRed.m4a */ = {isa = PBXFileReference; lastKnownFileType = file; path = VortexWhistleRed.m4a; sourceTree = "<group>"; };
/* End PBXFileReference section */

/* Begin PBXFrameworksBuildPhase section */
		B63612191B1CC38500289665 /* Frameworks */ = {
			isa = PBXFrameworksBuildPhase;
			buildActionMask = 2147483647;
			files = (
			);
			runOnlyForDeploymentPostprocessing = 0;
		};
		B63612321B1CC38500289665 /* Frameworks */ = {
			isa = PBXFrameworksBuildPhase;
			buildActionMask = 2147483647;
			files = (
			);
			runOnlyForDeploymentPostprocessing = 0;
		};
/* End PBXFrameworksBuildPhase section */

/* Begin PBXGroup section */
		090359ED1BD03AAB00DFC582 /* SpiroModal */ = {
			isa = PBXGroup;
			children = (
				09FB9DFF1BD42236005C8507 /* ModalPages */,
				09A6BAA51BAB56B20024360F /* SpiroModalViewController.h */,
				09A6BAA61BAB56B20024360F /* SpiroModalViewController.m */,
			);
			name = SpiroModal;
			sourceTree = "<group>";
		};
		090359F51BD1782600DFC582 /* SpiroGame */ = {
			isa = PBXGroup;
			children = (
				09786C891BB8D363006F4315 /* SpiroGameViewController.h */,
				09786C8A1BB8D363006F4315 /* SpiroGameViewController.m */,
			);
			name = SpiroGame;
			sourceTree = "<group>";
		};
		091D17801BFB9C420044D830 /* AudioDSPUtils */ = {
			isa = PBXGroup;
			children = (
				091D17811BFB9C510044D830 /* BufferedOverlapQueue.h */,
				091D17821BFB9C510044D830 /* BufferedOverlapQueue.m */,
				091D17831BFB9C510044D830 /* CubicSpline.h */,
				091D17841BFB9C510044D830 /* CubicSpline.m */,
				091D17851BFB9C510044D830 /* DataBufferBlock.h */,
				091D17861BFB9C510044D830 /* DataBufferBlock.m */,
				091D17871BFB9C510044D830 /* FFTHelper.h */,
				091D17881BFB9C510044D830 /* FFTHelper.m */,
				091D17891BFB9C510044D830 /* Novocaine.h */,
				091D178A1BFB9C510044D830 /* Novocaine.m */,
				091D178B1BFB9C510044D830 /* PeakFinder.h */,
				091D178C1BFB9C510044D830 /* PeakFinder.m */,
			);
			name = AudioDSPUtils;
			sourceTree = "<group>";
		};
		091D179E1BFBA0BC0044D830 /* OpenSpirometryCore */ = {
			isa = PBXGroup;
			children = (
				091D17A11BFBA1090044D830 /* FlowVolumeDataAnalyzer.h */,
				091D17A21BFBA1090044D830 /* FlowVolumeDataAnalyzer.m */,
				091D17A31BFBA1090044D830 /* SpirometerConstants.h */,
				091D17A41BFBA1090044D830 /* SpirometerEffortAnalyzer.h */,
				091D17A51BFBA1090044D830 /* SpirometerEffortAnalyzer.m */,
				091D17A61BFBA1090044D830 /* SpirometryWhistle.h */,
				091D17A71BFBA1090044D830 /* SpirometryWhistle.m */,
			);
			name = OpenSpirometryCore;
			sourceTree = "<group>";
		};
		09FB9DFF1BD42236005C8507 /* ModalPages */ = {
			isa = PBXGroup;
			children = (
				090359F31BD1773100DFC582 /* SpiroModalPages.storyboard */,
				09FB9E061BD428F4005C8507 /* ModalActionPageViewController.h */,
				09FB9E071BD428F4005C8507 /* ModalActionPageViewController.m */,
				09F6BA501BD54CD100668F27 /* ModalAddNotesViewController.h */,
				09F6BA511BD54CD100668F27 /* ModalAddNotesViewController.m */,
				09BD47B01BE8AB63000CF238 /* ModalUserDataViewController.h */,
				09BD47B11BE8AB63000CF238 /* ModalUserDataViewController.m */,
				091E85B81C0E80E300F0B1AF /* ModalTimerViewController.h */,
				091E85B91C0E80E300F0B1AF /* ModalTimerViewController.m */,
			);
			name = ModalPages;
			sourceTree = "<group>";
		};
		B63612131B1CC38500289665 = {
			isa = PBXGroup;
			children = (
				B636121E1B1CC38500289665 /* OpenSpirometry */,
				B63612381B1CC38500289665 /* OpenSpirometryTests */,
				B636121D1B1CC38500289665 /* Products */,
			);
			sourceTree = "<group>";
		};
		B636121D1B1CC38500289665 /* Products */ = {
			isa = PBXGroup;
			children = (
				B636121C1B1CC38500289665 /* OpenSpirometry.app */,
				B63612351B1CC38500289665 /* OpenSpirometryTests.xctest */,
			);
			name = Products;
			sourceTree = "<group>";
		};
		B636121E1B1CC38500289665 /* OpenSpirometry */ = {
			isa = PBXGroup;
			children = (
				B636124B1B1CC4C800289665 /* SpiroAnalysisModel */,
				09786C861BB8810F006F4315 /* SpiroCoreViewController.h */,
				09786C871BB8810F006F4315 /* SpiroCoreViewController.m */,
				09227E271BE81C8900FCE6AD /* VortexWhistleStudyViewController.h */,
				09227E281BE81C8900FCE6AD /* VortexWhistleStudyViewController.m */,
				091E85BE1C0E85FE00F0B1AF /* SpiroNavigationViewController.h */,
				091E85BF1C0E85FE00F0B1AF /* SpiroNavigationViewController.m */,
				09E819601C6E50AE0048B165 /* ExperimenterViewController.h */,
				09E819611C6E50AE0048B165 /* ExperimenterViewController.m */,
				09E819631C6E91B20048B165 /* OptionsTableViewController.h */,
				09E819641C6E91B20048B165 /* OptionsTableViewController.m */,
				B63612291B1CC38500289665 /* Main.storyboard */,
				090359ED1BD03AAB00DFC582 /* SpiroModal */,
				090359F51BD1782600DFC582 /* SpiroGame */,
				B636121F1B1CC38500289665 /* Supporting Files */,
			);
			path = OpenSpirometry;
			sourceTree = "<group>";
		};
		B636121F1B1CC38500289665 /* Supporting Files */ = {
			isa = PBXGroup;
			children = (
				B644C6291B619C29002D3484 /* VortexWhistleRed.m4a */,
				B636122E1B1CC38500289665 /* LaunchScreen.xib */,
				B636122C1B1CC38500289665 /* Images.xcassets */,
				B63612231B1CC38500289665 /* AppDelegate.h */,
				B63612241B1CC38500289665 /* AppDelegate.m */,
				B63612201B1CC38500289665 /* Info.plist */,
				B63612211B1CC38500289665 /* main.m */,
			);
			name = "Supporting Files";
			sourceTree = "<group>";
		};
		B63612381B1CC38500289665 /* OpenSpirometryTests */ = {
			isa = PBXGroup;
			children = (
				B636123B1B1CC38500289665 /* OpenSpirometryTests.m */,
				B63612391B1CC38500289665 /* Supporting Files */,
			);
			path = OpenSpirometryTests;
			sourceTree = "<group>";
		};
		B63612391B1CC38500289665 /* Supporting Files */ = {
			isa = PBXGroup;
			children = (
				B636123A1B1CC38500289665 /* Info.plist */,
			);
			name = "Supporting Files";
			sourceTree = "<group>";
		};
		B636124B1B1CC4C800289665 /* SpiroAnalysisModel */ = {
			isa = PBXGroup;
			children = (
				B63612621B1FF93D00289665 /* Dependencies */,
				09F933E81BA7529B0041FFB2 /* SpirometerTestAnalyzer.h */,
				09F933E91BA752B80041FFB2 /* SpirometerTestAnalyzer.m */,
			);
			name = SpiroAnalysisModel;
			sourceTree = "<group>";
		};
		B63612621B1FF93D00289665 /* Dependencies */ = {
			isa = PBXGroup;
			children = (
				091D179E1BFBA0BC0044D830 /* OpenSpirometryCore */,
				091D17801BFB9C420044D830 /* AudioDSPUtils */,
			);
			name = Dependencies;
			sourceTree = "<group>";
		};
/* End PBXGroup section */

/* Begin PBXNativeTarget section */
		B636121B1B1CC38500289665 /* OpenSpirometry */ = {
			isa = PBXNativeTarget;
			buildConfigurationList = B636123F1B1CC38500289665 /* Build configuration list for PBXNativeTarget "OpenSpirometry" */;
			buildPhases = (
				B63612181B1CC38500289665 /* Sources */,
				B63612191B1CC38500289665 /* Frameworks */,
				B636121A1B1CC38500289665 /* Resources */,
			);
			buildRules = (
			);
			dependencies = (
			);
			name = OpenSpirometry;
			productName = OpenSpirometry;
			productReference = B636121C1B1CC38500289665 /* OpenSpirometry.app */;
			productType = "com.apple.product-type.application";
		};
		B63612341B1CC38500289665 /* OpenSpirometryTests */ = {
			isa = PBXNativeTarget;
			buildConfigurationList = B63612421B1CC38500289665 /* Build configuration list for PBXNativeTarget "OpenSpirometryTests" */;
			buildPhases = (
				B63612311B1CC38500289665 /* Sources */,
				B63612321B1CC38500289665 /* Frameworks */,
				B63612331B1CC38500289665 /* Resources */,
			);
			buildRules = (
			);
			dependencies = (
				B63612371B1CC38500289665 /* PBXTargetDependency */,
			);
			name = OpenSpirometryTests;
			productName = OpenSpirometryTests;
			productReference = B63612351B1CC38500289665 /* OpenSpirometryTests.xctest */;
			productType = "com.apple.product-type.bundle.unit-test";
		};
/* End PBXNativeTarget section */

/* Begin PBXProject section */
		B63612141B1CC38500289665 /* Project object */ = {
			isa = PBXProject;
			attributes = {
				LastUpgradeCheck = 0700;
				ORGANIZATIONNAME = "Eric Larson";
				TargetAttributes = {
					B636121B1B1CC38500289665 = {
						CreatedOnToolsVersion = 6.3.2;
						DevelopmentTeam = 94ZPG8Z9JM;
					};
					B63612341B1CC38500289665 = {
						CreatedOnToolsVersion = 6.3.2;
						TestTargetID = B636121B1B1CC38500289665;
					};
				};
			};
			buildConfigurationList = B63612171B1CC38500289665 /* Build configuration list for PBXProject "OpenSpirometry" */;
			compatibilityVersion = "Xcode 3.2";
			developmentRegion = English;
			hasScannedForEncodings = 0;
			knownRegions = (
				en,
				Base,
			);
			mainGroup = B63612131B1CC38500289665;
			productRefGroup = B636121D1B1CC38500289665 /* Products */;
			projectDirPath = "";
			projectRoot = "";
			targets = (
				B636121B1B1CC38500289665 /* OpenSpirometry */,
				B63612341B1CC38500289665 /* OpenSpirometryTests */,
			);
		};
/* End PBXProject section */

/* Begin PBXResourcesBuildPhase section */
		B636121A1B1CC38500289665 /* Resources */ = {
			isa = PBXResourcesBuildPhase;
			buildActionMask = 2147483647;
			files = (
				B636122B1B1CC38500289665 /* Main.storyboard in Resources */,
				090359F41BD1773100DFC582 /* SpiroModalPages.storyboard in Resources */,
				B644C62A1B619C29002D3484 /* VortexWhistleRed.m4a in Resources */,
				B63612301B1CC38500289665 /* LaunchScreen.xib in Resources */,
				B636122D1B1CC38500289665 /* Images.xcassets in Resources */,
			);
			runOnlyForDeploymentPostprocessing = 0;
		};
		B63612331B1CC38500289665 /* Resources */ = {
			isa = PBXResourcesBuildPhase;
			buildActionMask = 2147483647;
			files = (
			);
			runOnlyForDeploymentPostprocessing = 0;
		};
/* End PBXResourcesBuildPhase section */

/* Begin PBXSourcesBuildPhase section */
		B63612181B1CC38500289665 /* Sources */ = {
			isa = PBXSourcesBuildPhase;
			buildActionMask = 2147483647;
			files = (
				09786C881BB8810F006F4315 /* SpiroCoreViewController.m in Sources */,
				09786C8B1BB8D363006F4315 /* SpiroGameViewController.m in Sources */,
				09E819621C6E50AE0048B165 /* ExperimenterViewController.m in Sources */,
				091E85C01C0E85FE00F0B1AF /* SpiroNavigationViewController.m in Sources */,
				09F6BA521BD54CD100668F27 /* ModalAddNotesViewController.m in Sources */,
				091D17A81BFBA1090044D830 /* FlowVolumeDataAnalyzer.m in Sources */,
				09BD47B21BE8AB63000CF238 /* ModalUserDataViewController.m in Sources */,
				091D17921BFB9C510044D830 /* PeakFinder.m in Sources */,
				09FB9E081BD428F4005C8507 /* ModalActionPageViewController.m in Sources */,
				09227E291BE81C8900FCE6AD /* VortexWhistleStudyViewController.m in Sources */,
				09F933EA1BA752B80041FFB2 /* SpirometerTestAnalyzer.m in Sources */,
				091D17A91BFBA1090044D830 /* SpirometerEffortAnalyzer.m in Sources */,
				091D17911BFB9C510044D830 /* Novocaine.m in Sources */,
				091D178D1BFB9C510044D830 /* BufferedOverlapQueue.m in Sources */,
				09A6BAA71BAB56B20024360F /* SpiroModalViewController.m in Sources */,
				09E819651C6E91B30048B165 /* OptionsTableViewController.m in Sources */,
				B63612251B1CC38500289665 /* AppDelegate.m in Sources */,
				091D178F1BFB9C510044D830 /* DataBufferBlock.m in Sources */,
				091D178E1BFB9C510044D830 /* CubicSpline.m in Sources */,
				091D17901BFB9C510044D830 /* FFTHelper.m in Sources */,
				091D17AA1BFBA1090044D830 /* SpirometryWhistle.m in Sources */,
				091E85BA1C0E80E300F0B1AF /* ModalTimerViewController.m in Sources */,
				B63612221B1CC38500289665 /* main.m in Sources */,
			);
			runOnlyForDeploymentPostprocessing = 0;
		};
		B63612311B1CC38500289665 /* Sources */ = {
			isa = PBXSourcesBuildPhase;
			buildActionMask = 2147483647;
			files = (
				B636123C1B1CC38500289665 /* OpenSpirometryTests.m in Sources */,
			);
			runOnlyForDeploymentPostprocessing = 0;
		};
/* End PBXSourcesBuildPhase section */

/* Begin PBXTargetDependency section */
		B63612371B1CC38500289665 /* PBXTargetDependency */ = {
			isa = PBXTargetDependency;
			target = B636121B1B1CC38500289665 /* OpenSpirometry */;
			targetProxy = B63612361B1CC38500289665 /* PBXContainerItemProxy */;
		};
/* End PBXTargetDependency section */

/* Begin PBXVariantGroup section */
		B63612291B1CC38500289665 /* Main.storyboard */ = {
			isa = PBXVariantGroup;
			children = (
				B636122A1B1CC38500289665 /* Base */,
			);
			name = Main.storyboard;
			sourceTree = "<group>";
		};
		B636122E1B1CC38500289665 /* LaunchScreen.xib */ = {
			isa = PBXVariantGroup;
			children = (
				B636122F1B1CC38500289665 /* Base */,
			);
			name = LaunchScreen.xib;
			sourceTree = "<group>";
		};
/* End PBXVariantGroup section */

/* Begin XCBuildConfiguration section */
		B636123D1B1CC38500289665 /* Debug */ = {
			isa = XCBuildConfiguration;
			buildSettings = {
				ALWAYS_SEARCH_USER_PATHS = NO;
				CLANG_CXX_LANGUAGE_STANDARD = "gnu++0x";
				CLANG_CXX_LIBRARY = "libc++";
				CLANG_ENABLE_MODULES = YES;
				CLANG_ENABLE_OBJC_ARC = YES;
				CLANG_WARN_BOOL_CONVERSION = YES;
				CLANG_WARN_CONSTANT_CONVERSION = YES;
				CLANG_WARN_DIRECT_OBJC_ISA_USAGE = YES_ERROR;
				CLANG_WARN_EMPTY_BODY = YES;
				CLANG_WARN_ENUM_CONVERSION = YES;
				CLANG_WARN_INT_CONVERSION = YES;
				CLANG_WARN_OBJC_ROOT_CLASS = YES_ERROR;
				CLANG_WARN_UNREACHABLE_CODE = YES;
				CLANG_WARN__DUPLICATE_METHOD_MATCH = YES;
				"CODE_SIGN_IDENTITY[sdk=iphoneos*]" = "iPhone Developer";
				COPY_PHASE_STRIP = NO;
				DEBUG_INFORMATION_FORMAT = "dwarf-with-dsym";
				ENABLE_STRICT_OBJC_MSGSEND = YES;
				ENABLE_TESTABILITY = YES;
				GCC_C_LANGUAGE_STANDARD = gnu99;
				GCC_DYNAMIC_NO_PIC = NO;
				GCC_NO_COMMON_BLOCKS = YES;
				GCC_OPTIMIZATION_LEVEL = 0;
				GCC_PREPROCESSOR_DEFINITIONS = (
					"DEBUG=1",
					"$(inherited)",
				);
				GCC_SYMBOLS_PRIVATE_EXTERN = NO;
				GCC_WARN_64_TO_32_BIT_CONVERSION = YES;
				GCC_WARN_ABOUT_RETURN_TYPE = YES_ERROR;
				GCC_WARN_UNDECLARED_SELECTOR = YES;
				GCC_WARN_UNINITIALIZED_AUTOS = YES_AGGRESSIVE;
				GCC_WARN_UNUSED_FUNCTION = YES;
				GCC_WARN_UNUSED_VARIABLE = YES;
				IPHONEOS_DEPLOYMENT_TARGET = 8.3;
				MTL_ENABLE_DEBUG_INFO = YES;
				ONLY_ACTIVE_ARCH = YES;
				SDKROOT = iphoneos;
			};
			name = Debug;
		};
		B636123E1B1CC38500289665 /* Release */ = {
			isa = XCBuildConfiguration;
			buildSettings = {
				ALWAYS_SEARCH_USER_PATHS = NO;
				CLANG_CXX_LANGUAGE_STANDARD = "gnu++0x";
				CLANG_CXX_LIBRARY = "libc++";
				CLANG_ENABLE_MODULES = YES;
				CLANG_ENABLE_OBJC_ARC = YES;
				CLANG_WARN_BOOL_CONVERSION = YES;
				CLANG_WARN_CONSTANT_CONVERSION = YES;
				CLANG_WARN_DIRECT_OBJC_ISA_USAGE = YES_ERROR;
				CLANG_WARN_EMPTY_BODY = YES;
				CLANG_WARN_ENUM_CONVERSION = YES;
				CLANG_WARN_INT_CONVERSION = YES;
				CLANG_WARN_OBJC_ROOT_CLASS = YES_ERROR;
				CLANG_WARN_UNREACHABLE_CODE = YES;
				CLANG_WARN__DUPLICATE_METHOD_MATCH = YES;
				"CODE_SIGN_IDENTITY[sdk=iphoneos*]" = "iPhone Developer";
				COPY_PHASE_STRIP = NO;
				DEBUG_INFORMATION_FORMAT = "dwarf-with-dsym";
				ENABLE_NS_ASSERTIONS = NO;
				ENABLE_STRICT_OBJC_MSGSEND = YES;
				GCC_C_LANGUAGE_STANDARD = gnu99;
				GCC_NO_COMMON_BLOCKS = YES;
				GCC_WARN_64_TO_32_BIT_CONVERSION = YES;
				GCC_WARN_ABOUT_RETURN_TYPE = YES_ERROR;
				GCC_WARN_UNDECLARED_SELECTOR = YES;
				GCC_WARN_UNINITIALIZED_AUTOS = YES_AGGRESSIVE;
				GCC_WARN_UNUSED_FUNCTION = YES;
				GCC_WARN_UNUSED_VARIABLE = YES;
				IPHONEOS_DEPLOYMENT_TARGET = 8.3;
				MTL_ENABLE_DEBUG_INFO = NO;
				SDKROOT = iphoneos;
				VALIDATE_PRODUCT = YES;
			};
			name = Release;
		};
		B63612401B1CC38500289665 /* Debug */ = {
			isa = XCBuildConfiguration;
			buildSettings = {
				ASSETCATALOG_COMPILER_APPICON_NAME = AppIcon;
				CODE_SIGN_IDENTITY = "iPhone Developer";
				INFOPLIST_FILE = OpenSpirometry/Info.plist;
				IPHONEOS_DEPLOYMENT_TARGET = 9.1;
				LD_RUNPATH_SEARCH_PATHS = "$(inherited) @executable_path/Frameworks";
				PRODUCT_BUNDLE_IDENTIFIER = "SMU.$(PRODUCT_NAME:rfc1034identifier)";
				PRODUCT_NAME = "$(TARGET_NAME)";
			};
			name = Debug;
		};
		B63612411B1CC38500289665 /* Release */ = {
			isa = XCBuildConfiguration;
			buildSettings = {
				ASSETCATALOG_COMPILER_APPICON_NAME = AppIcon;
				CODE_SIGN_IDENTITY = "iPhone Developer";
				INFOPLIST_FILE = OpenSpirometry/Info.plist;
				IPHONEOS_DEPLOYMENT_TARGET = 9.1;
				LD_RUNPATH_SEARCH_PATHS = "$(inherited) @executable_path/Frameworks";
				PRODUCT_BUNDLE_IDENTIFIER = "SMU.$(PRODUCT_NAME:rfc1034identifier)";
				PRODUCT_NAME = "$(TARGET_NAME)";
			};
			name = Release;
		};
		B63612431B1CC38500289665 /* Debug */ = {
			isa = XCBuildConfiguration;
			buildSettings = {
				BUNDLE_LOADER = "$(TEST_HOST)";
				GCC_PREPROCESSOR_DEFINITIONS = (
					"DEBUG=1",
					"$(inherited)",
				);
				INFOPLIST_FILE = OpenSpirometryTests/Info.plist;
				LD_RUNPATH_SEARCH_PATHS = "$(inherited) @executable_path/Frameworks @loader_path/Frameworks";
				PRODUCT_BUNDLE_IDENTIFIER = "SMU.$(PRODUCT_NAME:rfc1034identifier)";
				PRODUCT_NAME = "$(TARGET_NAME)";
				TEST_HOST = "$(BUILT_PRODUCTS_DIR)/OpenSpirometry.app/OpenSpirometry";
			};
			name = Debug;
		};
		B63612441B1CC38500289665 /* Release */ = {
			isa = XCBuildConfiguration;
			buildSettings = {
				BUNDLE_LOADER = "$(TEST_HOST)";
				INFOPLIST_FILE = OpenSpirometryTests/Info.plist;
				LD_RUNPATH_SEARCH_PATHS = "$(inherited) @executable_path/Frameworks @loader_path/Frameworks";
				PRODUCT_BUNDLE_IDENTIFIER = "SMU.$(PRODUCT_NAME:rfc1034identifier)";
				PRODUCT_NAME = "$(TARGET_NAME)";
				TEST_HOST = "$(BUILT_PRODUCTS_DIR)/OpenSpirometry.app/OpenSpirometry";
			};
			name = Release;
		};
/* End XCBuildConfiguration section */

/* Begin XCConfigurationList section */
		B63612171B1CC38500289665 /* Build configuration list for PBXProject "OpenSpirometry" */ = {
			isa = XCConfigurationList;
			buildConfigurations = (
				B636123D1B1CC38500289665 /* Debug */,
				B636123E1B1CC38500289665 /* Release */,
			);
			defaultConfigurationIsVisible = 0;
			defaultConfigurationName = Release;
		};
		B636123F1B1CC38500289665 /* Build configuration list for PBXNativeTarget "OpenSpirometry" */ = {
			isa = XCConfigurationList;
			buildConfigurations = (
				B63612401B1CC38500289665 /* Debug */,
				B63612411B1CC38500289665 /* Release */,
			);
			defaultConfigurationIsVisible = 0;
			defaultConfigurationName = Release;
		};
		B63612421B1CC38500289665 /* Build configuration list for PBXNativeTarget "OpenSpirometryTests" */ = {
			isa = XCConfigurationList;
			buildConfigurations = (
				B63612431B1CC38500289665 /* Debug */,
				B63612441B1CC38500289665 /* Release */,
			);
			defaultConfigurationIsVisible = 0;
			defaultConfigurationName = Release;
		};
/* End XCConfigurationList section */
	};
	rootObject = B63612141B1CC38500289665 /* Project object */;
}
